
Microsoft Visual Studio Solution File, Format Version 12.00
# Visual Studio 2012
VisualStudioVersion = 12.0.30501.0
MinimumVisualStudioVersion = 10.0.40219.1
Project("{FAE04EC0-301F-11D3-BF4B-00C04F79EFBC}") = "Windup.SerialTalker", "Windup.SerialTalker\Windup.SerialTalker.csproj", "{2453B3F5-E8E9-403D-A442-2034E27DE6B7}"
EndProject
Project("{FAE04EC0-301F-11D3-BF4B-00C04F79EFBC}") = "Windup.Main", "Windup.Main\Windup.Main.csproj", "{2F322824-721B-4784-B308-C206D5240624}"
EndProject
Project("{FAE04EC0-301F-11D3-BF4B-00C04F79EFBC}") = "Transceiver", "Transceiver\Transceiver.csproj", "{8093D82E-B288-4ADA-9CAD-61EDB9853C65}"
EndProject
Global
	GlobalSection(SolutionConfigurationPlatforms) = preSolution
		Debug|Any CPU = Debug|Any CPU
		Debug|Mixed Platforms = Debug|Mixed Platforms
		Debug|x86 = Debug|x86
		Release|Any CPU = Release|Any CPU
		Release|Mixed Platforms = Release|Mixed Platforms
		Release|x86 = Release|x86
	EndGlobalSection
	GlobalSection(ProjectConfigurationPlatforms) = postSolution
		{2453B3F5-E8E9-403D-A442-2034E27DE6B7}.Debug|Any CPU.ActiveCfg = Debug|Any CPU
		{2453B3F5-E8E9-403D-A442-2034E27DE6B7}.Debug|Any CPU.Build.0 = Debug|Any CPU
		{2453B3F5-E8E9-403D-A442-2034E27DE6B7}.Debug|Mixed Platforms.ActiveCfg = Debug|Any CPU
		{2453B3F5-E8E9-403D-A442-2034E27DE6B7}.Debug|Mixed Platforms.Build.0 = Debug|Any CPU
		{2453B3F5-E8E9-403D-A442-2034E27DE6B7}.Debug|x86.ActiveCfg = Debug|Any CPU
		{2453B3F5-E8E9-403D-A442-2034E27DE6B7}.Debug|x86.Build.0 = Debug|Any CPU
		{2453B3F5-E8E9-403D-A442-2034E27DE6B7}.Release|Any CPU.ActiveCfg = Release|Any CPU
		{2453B3F5-E8E9-403D-A442-2034E27DE6B7}.Release|Any CPU.Build.0 = Release|Any CPU
		{2453B3F5-E8E9-403D-A442-2034E27DE6B7}.Release|Mixed Platforms.ActiveCfg = Release|Any CPU
		{2453B3F5-E8E9-403D-A442-2034E27DE6B7}.Release|Mixed Platforms.Build.0 = Release|Any CPU
		{2453B3F5-E8E9-403D-A442-2034E27DE6B7}.Release|x86.ActiveCfg = Release|Any CPU
		{2453B3F5-E8E9-403D-A442-2034E27DE6B7}.Release|x86.Build.0 = Release|Any CPU
		{2F322824-721B-4784-B308-C206D5240624}.Debug|Any CPU.ActiveCfg = Debug|Any CPU
		{2F322824-721B-4784-B308-C206D5240624}.Debug|Any CPU.Build.0 = Debug|Any CPU
		{2F322824-721B-4784-B308-C206D5240624}.Debug|Mixed Platforms.ActiveCfg = Debug|Any CPU
		{2F322824-721B-4784-B308-C206D5240624}.Debug|Mixed Platforms.Build.0 = Debug|Any CPU
		{2F322824-721B-4784-B308-C206D5240624}.Debug|x86.ActiveCfg = Debug|Any CPU
		{2F322824-721B-4784-B308-C206D5240624}.Debug|x86.Build.0 = Debug|Any CPU
		{2F322824-721B-4784-B308-C206D5240624}.Release|Any CPU.ActiveCfg = Release|Any CPU
		{2F322824-721B-4784-B308-C206D5240624}.Release|Any CPU.Build.0 = Release|Any CPU
		{2F322824-721B-4784-B308-C206D5240624}.Release|Mixed Platforms.ActiveCfg = Release|Any CPU
		{2F322824-721B-4784-B308-C206D5240624}.Release|Mixed Platforms.Build.0 = Release|Any CPU
		{2F322824-721B-4784-B308-C206D5240624}.Release|x86.ActiveCfg = Release|Any CPU
		{2F322824-721B-4784-B308-C206D5240624}.Release|x86.Build.0 = Release|Any CPU
		{8093D82E-B288-4ADA-9CAD-61EDB9853C65}.Debug|Any CPU.ActiveCfg = Debug|Any CPU
		{8093D82E-B288-4ADA-9CAD-61EDB9853C65}.Debug|Any CPU.Build.0 = Debug|Any CPU
		{8093D82E-B288-4ADA-9CAD-61EDB9853C65}.Debug|Mixed Platforms.ActiveCfg = Debug|Any CPU
		{8093D82E-B288-4ADA-9CAD-61EDB9853C65}.Debug|Mixed Platforms.Build.0 = Debug|Any CPU
		{8093D82E-B288-4ADA-9CAD-61EDB9853C65}.Debug|x86.ActiveCfg = Debug|Any CPU
		{8093D82E-B288-4ADA-9CAD-61EDB9853C65}.Debug|x86.Build.0 = Debug|Any CPU
		{8093D82E-B288-4ADA-9CAD-61EDB9853C65}.Release|Any CPU.ActiveCfg = Release|Any CPU
		{8093D82E-B288-4ADA-9CAD-61EDB9853C65}.Release|Any CPU.Build.0 = Release|Any CPU
		{8093D82E-B288-4ADA-9CAD-61EDB9853C65}.Release|Mixed Platforms.ActiveCfg = Release|Any CPU
		{8093D82E-B288-4ADA-9CAD-61EDB9853C65}.Release|Mixed Platforms.Build.0 = Release|Any CPU
		{8093D82E-B288-4ADA-9CAD-61EDB9853C65}.Release|x86.ActiveCfg = Release|Any CPU
		{8093D82E-B288-4ADA-9CAD-61EDB9853C65}.Release|x86.Build.0 = Release|Any CPU
	EndGlobalSection
	GlobalSection(SolutionProperties) = preSolution
		HideSolutionNode = FALSE
	EndGlobalSection
EndGlobal
